
Microsoft Visual Studio Solution File, Format Version 12.00
# Visual Studio 14
VisualStudioVersion = 14.0.25123.0
MinimumVisualStudioVersion = 10.0.40219.1
Project("{FAE04EC0-301F-11D3-BF4B-00C04F79EFBC}") = "UWP", "UwpAudioTest\UWP.csproj", "{7BE1F267-344D-4B5E-91E0-787D0D29F5C0}"
EndProject
Project("{2150E333-8FDC-42A3-9474-1A3956D46DE8}") = "Solution Items", "Solution Items", "{E3B50A1C-9CA3-48E6-86CF-FA4EF66BAB34}"
	ProjectSection(SolutionItems) = preProject
		.gitattributes = .gitattributes
		.gitignore = .gitignore
		DebuggerSettings.PNG = DebuggerSettings.PNG
		ReadMe.txt = ReadMe.txt
	EndProjectSection
EndProject
Project("{2150E333-8FDC-42A3-9474-1A3956D46DE8}") = "Win8U", "Win8U", "{17B0BD04-E99F-40AE-8738-E2BDF7102884}"
EndProject
Project("{D954291E-2A0B-460D-934E-DC6B0785DB48}") = "Win8U.Shared", "Win8U\Win8U.Shared\Win8U.Shared.shproj", "{F7351844-1FE4-4973-ABA7-C53A59548E6F}"
EndProject
Project("{FAE04EC0-301F-11D3-BF4B-00C04F79EFBC}") = "Win8U.Windows", "Win8U\Win8U.Windows\Win8U.Windows.csproj", "{883E8448-D6F0-4021-9BC5-B5E8FEA770DA}"
EndProject
Project("{FAE04EC0-301F-11D3-BF4B-00C04F79EFBC}") = "Win8U.WindowsPhone", "Win8U\Win8U.WindowsPhone\Win8U.WindowsPhone.csproj", "{856D6D38-9AC7-4C2C-9217-0DCE23DA265B}"
EndProject
Project("{FAE04EC0-301F-11D3-BF4B-00C04F79EFBC}") = "XamarinAudioTest.Droid", "XamarinAudioTest\XamarinAudioTest.Droid\XamarinAudioTest.Droid.csproj", "{33E2165D-474E-4703-8B2A-80B7723EDE1C}"
EndProject
Project("{FAE04EC0-301F-11D3-BF4B-00C04F79EFBC}") = "XamarinAudioTest.iOS", "XamarinAudioTest\XamarinAudioTest.iOS\XamarinAudioTest.iOS.csproj", "{7E0F95E9-0CB3-4DA8-BE4E-423173BCBA38}"
EndProject
Project("{FAE04EC0-301F-11D3-BF4B-00C04F79EFBC}") = "XamarinAudioTest.WinPhone", "XamarinAudioTest\XamarinAudioTest.WinPhone\XamarinAudioTest.WinPhone.csproj", "{4CB4357B-4424-404D-A729-3DD7CACDFBE8}"
EndProject
Project("{FAE04EC0-301F-11D3-BF4B-00C04F79EFBC}") = "XamarinAudioTest.UWP", "XamarinAudioTest\XamarinAudioTest.UWP\XamarinAudioTest.UWP.csproj", "{87FD58A0-5D52-4B51-93AE-F5BA7A80839C}"
EndProject
Project("{FAE04EC0-301F-11D3-BF4B-00C04F79EFBC}") = "XamarinAudioTest.Windows", "XamarinAudioTest\XamarinAudioTest.Windows\XamarinAudioTest.Windows.csproj", "{75E7ED68-7718-41F7-8E33-566B88A7DEAF}"
EndProject
Project("{FAE04EC0-301F-11D3-BF4B-00C04F79EFBC}") = "XamarinAudioTest", "XamarinAudioTest\XamarinAudioTest\XamarinAudioTest.csproj", "{FDF6E4FE-77F2-43C4-B7D9-AB5D4FECF4C5}"
EndProject
Global
	GlobalSection(SharedMSBuildProjectFiles) = preSolution
		Win8U\Win8U.Shared\Win8U.Shared.projitems*{883e8448-d6f0-4021-9bc5-b5e8fea770da}*SharedItemsImports = 4
		Win8U\Win8U.Shared\Win8U.Shared.projitems*{856d6d38-9ac7-4c2c-9217-0dce23da265b}*SharedItemsImports = 4
		Win8U\Win8U.Shared\Win8U.Shared.projitems*{f7351844-1fe4-4973-aba7-c53a59548e6f}*SharedItemsImports = 13
	EndGlobalSection
	GlobalSection(SolutionConfigurationPlatforms) = preSolution
		Ad-Hoc|Any CPU = Ad-Hoc|Any CPU
		Ad-Hoc|ARM = Ad-Hoc|ARM
		Ad-Hoc|iPhone = Ad-Hoc|iPhone
		Ad-Hoc|iPhoneSimulator = Ad-Hoc|iPhoneSimulator
		Ad-Hoc|x64 = Ad-Hoc|x64
		Ad-Hoc|x86 = Ad-Hoc|x86
		AppStore|Any CPU = AppStore|Any CPU
		AppStore|ARM = AppStore|ARM
		AppStore|iPhone = AppStore|iPhone
		AppStore|iPhoneSimulator = AppStore|iPhoneSimulator
		AppStore|x64 = AppStore|x64
		AppStore|x86 = AppStore|x86
		Debug|Any CPU = Debug|Any CPU
		Debug|ARM = Debug|ARM
		Debug|iPhone = Debug|iPhone
		Debug|iPhoneSimulator = Debug|iPhoneSimulator
		Debug|x64 = Debug|x64
		Debug|x86 = Debug|x86
		Release|Any CPU = Release|Any CPU
		Release|ARM = Release|ARM
		Release|iPhone = Release|iPhone
		Release|iPhoneSimulator = Release|iPhoneSimulator
		Release|x64 = Release|x64
		Release|x86 = Release|x86
	EndGlobalSection
	GlobalSection(ProjectConfigurationPlatforms) = postSolution
		{7BE1F267-344D-4B5E-91E0-787D0D29F5C0}.Ad-Hoc|Any CPU.ActiveCfg = Release|x64
		{7BE1F267-344D-4B5E-91E0-787D0D29F5C0}.Ad-Hoc|Any CPU.Build.0 = Release|x64
		{7BE1F267-344D-4B5E-91E0-787D0D29F5C0}.Ad-Hoc|Any CPU.Deploy.0 = Release|x64
		{7BE1F267-344D-4B5E-91E0-787D0D29F5C0}.Ad-Hoc|ARM.ActiveCfg = Release|ARM
		{7BE1F267-344D-4B5E-91E0-787D0D29F5C0}.Ad-Hoc|ARM.Build.0 = Release|ARM
		{7BE1F267-344D-4B5E-91E0-787D0D29F5C0}.Ad-Hoc|ARM.Deploy.0 = Release|ARM
		{7BE1F267-344D-4B5E-91E0-787D0D29F5C0}.Ad-Hoc|iPhone.ActiveCfg = Release|x64
		{7BE1F267-344D-4B5E-91E0-787D0D29F5C0}.Ad-Hoc|iPhone.Build.0 = Release|x64
		{7BE1F267-344D-4B5E-91E0-787D0D29F5C0}.Ad-Hoc|iPhone.Deploy.0 = Release|x64
		{7BE1F267-344D-4B5E-91E0-787D0D29F5C0}.Ad-Hoc|iPhoneSimulator.ActiveCfg = Release|x64
		{7BE1F267-344D-4B5E-91E0-787D0D29F5C0}.Ad-Hoc|iPhoneSimulator.Build.0 = Release|x64
		{7BE1F267-344D-4B5E-91E0-787D0D29F5C0}.Ad-Hoc|iPhoneSimulator.Deploy.0 = Release|x64
		{7BE1F267-344D-4B5E-91E0-787D0D29F5C0}.Ad-Hoc|x64.ActiveCfg = Release|x64
		{7BE1F267-344D-4B5E-91E0-787D0D29F5C0}.Ad-Hoc|x64.Build.0 = Release|x64
		{7BE1F267-344D-4B5E-91E0-787D0D29F5C0}.Ad-Hoc|x64.Deploy.0 = Release|x64
		{7BE1F267-344D-4B5E-91E0-787D0D29F5C0}.Ad-Hoc|x86.ActiveCfg = Release|x86
		{7BE1F267-344D-4B5E-91E0-787D0D29F5C0}.Ad-Hoc|x86.Build.0 = Release|x86
		{7BE1F267-344D-4B5E-91E0-787D0D29F5C0}.Ad-Hoc|x86.Deploy.0 = Release|x86
		{7BE1F267-344D-4B5E-91E0-787D0D29F5C0}.AppStore|Any CPU.ActiveCfg = Release|x64
		{7BE1F267-344D-4B5E-91E0-787D0D29F5C0}.AppStore|Any CPU.Build.0 = Release|x64
		{7BE1F267-344D-4B5E-91E0-787D0D29F5C0}.AppStore|Any CPU.Deploy.0 = Release|x64
		{7BE1F267-344D-4B5E-91E0-787D0D29F5C0}.AppStore|ARM.ActiveCfg = Release|ARM
		{7BE1F267-344D-4B5E-91E0-787D0D29F5C0}.AppStore|ARM.Build.0 = Release|ARM
		{7BE1F267-344D-4B5E-91E0-787D0D29F5C0}.AppStore|ARM.Deploy.0 = Release|ARM
		{7BE1F267-344D-4B5E-91E0-787D0D29F5C0}.AppStore|iPhone.ActiveCfg = Release|x64
		{7BE1F267-344D-4B5E-91E0-787D0D29F5C0}.AppStore|iPhone.Build.0 = Release|x64
		{7BE1F267-344D-4B5E-91E0-787D0D29F5C0}.AppStore|iPhone.Deploy.0 = Release|x64
		{7BE1F267-344D-4B5E-91E0-787D0D29F5C0}.AppStore|iPhoneSimulator.ActiveCfg = Release|x64
		{7BE1F267-344D-4B5E-91E0-787D0D29F5C0}.AppStore|iPhoneSimulator.Build.0 = Release|x64
		{7BE1F267-344D-4B5E-91E0-787D0D29F5C0}.AppStore|iPhoneSimulator.Deploy.0 = Release|x64
		{7BE1F267-344D-4B5E-91E0-787D0D29F5C0}.AppStore|x64.ActiveCfg = Release|x64
		{7BE1F267-344D-4B5E-91E0-787D0D29F5C0}.AppStore|x64.Build.0 = Release|x64
		{7BE1F267-344D-4B5E-91E0-787D0D29F5C0}.AppStore|x64.Deploy.0 = Release|x64
		{7BE1F267-344D-4B5E-91E0-787D0D29F5C0}.AppStore|x86.ActiveCfg = Release|x86
		{7BE1F267-344D-4B5E-91E0-787D0D29F5C0}.AppStore|x86.Build.0 = Release|x86
		{7BE1F267-344D-4B5E-91E0-787D0D29F5C0}.AppStore|x86.Deploy.0 = Release|x86
		{7BE1F267-344D-4B5E-91E0-787D0D29F5C0}.Debug|Any CPU.ActiveCfg = Debug|x86
		{7BE1F267-344D-4B5E-91E0-787D0D29F5C0}.Debug|ARM.ActiveCfg = Debug|ARM
		{7BE1F267-344D-4B5E-91E0-787D0D29F5C0}.Debug|ARM.Build.0 = Debug|ARM
		{7BE1F267-344D-4B5E-91E0-787D0D29F5C0}.Debug|ARM.Deploy.0 = Debug|ARM
		{7BE1F267-344D-4B5E-91E0-787D0D29F5C0}.Debug|iPhone.ActiveCfg = Debug|x86
		{7BE1F267-344D-4B5E-91E0-787D0D29F5C0}.Debug|iPhoneSimulator.ActiveCfg = Debug|x86
		{7BE1F267-344D-4B5E-91E0-787D0D29F5C0}.Debug|x64.ActiveCfg = Debug|x64
		{7BE1F267-344D-4B5E-91E0-787D0D29F5C0}.Debug|x64.Build.0 = Debug|x64
		{7BE1F267-344D-4B5E-91E0-787D0D29F5C0}.Debug|x64.Deploy.0 = Debug|x64
		{7BE1F267-344D-4B5E-91E0-787D0D29F5C0}.Debug|x86.ActiveCfg = Debug|x86
		{7BE1F267-344D-4B5E-91E0-787D0D29F5C0}.Debug|x86.Build.0 = Debug|x86
		{7BE1F267-344D-4B5E-91E0-787D0D29F5C0}.Debug|x86.Deploy.0 = Debug|x86
		{7BE1F267-344D-4B5E-91E0-787D0D29F5C0}.Release|Any CPU.ActiveCfg = Release|x86
		{7BE1F267-344D-4B5E-91E0-787D0D29F5C0}.Release|ARM.ActiveCfg = Release|ARM
		{7BE1F267-344D-4B5E-91E0-787D0D29F5C0}.Release|ARM.Build.0 = Release|ARM
		{7BE1F267-344D-4B5E-91E0-787D0D29F5C0}.Release|ARM.Deploy.0 = Release|ARM
		{7BE1F267-344D-4B5E-91E0-787D0D29F5C0}.Release|iPhone.ActiveCfg = Release|x86
		{7BE1F267-344D-4B5E-91E0-787D0D29F5C0}.Release|iPhoneSimulator.ActiveCfg = Release|x86
		{7BE1F267-344D-4B5E-91E0-787D0D29F5C0}.Release|x64.ActiveCfg = Release|x64
		{7BE1F267-344D-4B5E-91E0-787D0D29F5C0}.Release|x64.Build.0 = Release|x64
		{7BE1F267-344D-4B5E-91E0-787D0D29F5C0}.Release|x64.Deploy.0 = Release|x64
		{7BE1F267-344D-4B5E-91E0-787D0D29F5C0}.Release|x86.ActiveCfg = Release|x86
		{7BE1F267-344D-4B5E-91E0-787D0D29F5C0}.Release|x86.Build.0 = Release|x86
		{7BE1F267-344D-4B5E-91E0-787D0D29F5C0}.Release|x86.Deploy.0 = Release|x86
		{883E8448-D6F0-4021-9BC5-B5E8FEA770DA}.Ad-Hoc|Any CPU.ActiveCfg = Release|Any CPU
		{883E8448-D6F0-4021-9BC5-B5E8FEA770DA}.Ad-Hoc|Any CPU.Build.0 = Release|Any CPU
		{883E8448-D6F0-4021-9BC5-B5E8FEA770DA}.Ad-Hoc|Any CPU.Deploy.0 = Release|Any CPU
		{883E8448-D6F0-4021-9BC5-B5E8FEA770DA}.Ad-Hoc|ARM.ActiveCfg = Release|ARM
		{883E8448-D6F0-4021-9BC5-B5E8FEA770DA}.Ad-Hoc|ARM.Build.0 = Release|ARM
		{883E8448-D6F0-4021-9BC5-B5E8FEA770DA}.Ad-Hoc|ARM.Deploy.0 = Release|ARM
		{883E8448-D6F0-4021-9BC5-B5E8FEA770DA}.Ad-Hoc|iPhone.ActiveCfg = Release|Any CPU
		{883E8448-D6F0-4021-9BC5-B5E8FEA770DA}.Ad-Hoc|iPhone.Build.0 = Release|Any CPU
		{883E8448-D6F0-4021-9BC5-B5E8FEA770DA}.Ad-Hoc|iPhone.Deploy.0 = Release|Any CPU
		{883E8448-D6F0-4021-9BC5-B5E8FEA770DA}.Ad-Hoc|iPhoneSimulator.ActiveCfg = Release|Any CPU
		{883E8448-D6F0-4021-9BC5-B5E8FEA770DA}.Ad-Hoc|iPhoneSimulator.Build.0 = Release|Any CPU
		{883E8448-D6F0-4021-9BC5-B5E8FEA770DA}.Ad-Hoc|iPhoneSimulator.Deploy.0 = Release|Any CPU
		{883E8448-D6F0-4021-9BC5-B5E8FEA770DA}.Ad-Hoc|x64.ActiveCfg = Release|x64
		{883E8448-D6F0-4021-9BC5-B5E8FEA770DA}.Ad-Hoc|x64.Build.0 = Release|x64
		{883E8448-D6F0-4021-9BC5-B5E8FEA770DA}.Ad-Hoc|x64.Deploy.0 = Release|x64
		{883E8448-D6F0-4021-9BC5-B5E8FEA770DA}.Ad-Hoc|x86.ActiveCfg = Release|x86
		{883E8448-D6F0-4021-9BC5-B5E8FEA770DA}.Ad-Hoc|x86.Build.0 = Release|x86
		{883E8448-D6F0-4021-9BC5-B5E8FEA770DA}.Ad-Hoc|x86.Deploy.0 = Release|x86
		{883E8448-D6F0-4021-9BC5-B5E8FEA770DA}.AppStore|Any CPU.ActiveCfg = Release|Any CPU
		{883E8448-D6F0-4021-9BC5-B5E8FEA770DA}.AppStore|Any CPU.Build.0 = Release|Any CPU
		{883E8448-D6F0-4021-9BC5-B5E8FEA770DA}.AppStore|Any CPU.Deploy.0 = Release|Any CPU
		{883E8448-D6F0-4021-9BC5-B5E8FEA770DA}.AppStore|ARM.ActiveCfg = Release|ARM
		{883E8448-D6F0-4021-9BC5-B5E8FEA770DA}.AppStore|ARM.Build.0 = Release|ARM
		{883E8448-D6F0-4021-9BC5-B5E8FEA770DA}.AppStore|ARM.Deploy.0 = Release|ARM
		{883E8448-D6F0-4021-9BC5-B5E8FEA770DA}.AppStore|iPhone.ActiveCfg = Release|Any CPU
		{883E8448-D6F0-4021-9BC5-B5E8FEA770DA}.AppStore|iPhone.Build.0 = Release|Any CPU
		{883E8448-D6F0-4021-9BC5-B5E8FEA770DA}.AppStore|iPhone.Deploy.0 = Release|Any CPU
		{883E8448-D6F0-4021-9BC5-B5E8FEA770DA}.AppStore|iPhoneSimulator.ActiveCfg = Release|Any CPU
		{883E8448-D6F0-4021-9BC5-B5E8FEA770DA}.AppStore|iPhoneSimulator.Build.0 = Release|Any CPU
		{883E8448-D6F0-4021-9BC5-B5E8FEA770DA}.AppStore|iPhoneSimulator.Deploy.0 = Release|Any CPU
		{883E8448-D6F0-4021-9BC5-B5E8FEA770DA}.AppStore|x64.ActiveCfg = Release|x64
		{883E8448-D6F0-4021-9BC5-B5E8FEA770DA}.AppStore|x64.Build.0 = Release|x64
		{883E8448-D6F0-4021-9BC5-B5E8FEA770DA}.AppStore|x64.Deploy.0 = Release|x64
		{883E8448-D6F0-4021-9BC5-B5E8FEA770DA}.AppStore|x86.ActiveCfg = Release|x86
		{883E8448-D6F0-4021-9BC5-B5E8FEA770DA}.AppStore|x86.Build.0 = Release|x86
		{883E8448-D6F0-4021-9BC5-B5E8FEA770DA}.AppStore|x86.Deploy.0 = Release|x86
		{883E8448-D6F0-4021-9BC5-B5E8FEA770DA}.Debug|Any CPU.ActiveCfg = Debug|Any CPU
		{883E8448-D6F0-4021-9BC5-B5E8FEA770DA}.Debug|Any CPU.Build.0 = Debug|Any CPU
		{883E8448-D6F0-4021-9BC5-B5E8FEA770DA}.Debug|Any CPU.Deploy.0 = Debug|Any CPU
		{883E8448-D6F0-4021-9BC5-B5E8FEA770DA}.Debug|ARM.ActiveCfg = Debug|ARM
		{883E8448-D6F0-4021-9BC5-B5E8FEA770DA}.Debug|ARM.Build.0 = Debug|ARM
		{883E8448-D6F0-4021-9BC5-B5E8FEA770DA}.Debug|ARM.Deploy.0 = Debug|ARM
		{883E8448-D6F0-4021-9BC5-B5E8FEA770DA}.Debug|iPhone.ActiveCfg = Debug|Any CPU
		{883E8448-D6F0-4021-9BC5-B5E8FEA770DA}.Debug|iPhone.Build.0 = Debug|Any CPU
		{883E8448-D6F0-4021-9BC5-B5E8FEA770DA}.Debug|iPhone.Deploy.0 = Debug|Any CPU
		{883E8448-D6F0-4021-9BC5-B5E8FEA770DA}.Debug|iPhoneSimulator.ActiveCfg = Debug|Any CPU
		{883E8448-D6F0-4021-9BC5-B5E8FEA770DA}.Debug|iPhoneSimulator.Build.0 = Debug|Any CPU
		{883E8448-D6F0-4021-9BC5-B5E8FEA770DA}.Debug|iPhoneSimulator.Deploy.0 = Debug|Any CPU
		{883E8448-D6F0-4021-9BC5-B5E8FEA770DA}.Debug|x64.ActiveCfg = Debug|x64
		{883E8448-D6F0-4021-9BC5-B5E8FEA770DA}.Debug|x64.Build.0 = Debug|x64
		{883E8448-D6F0-4021-9BC5-B5E8FEA770DA}.Debug|x64.Deploy.0 = Debug|x64
		{883E8448-D6F0-4021-9BC5-B5E8FEA770DA}.Debug|x86.ActiveCfg = Debug|x86
		{883E8448-D6F0-4021-9BC5-B5E8FEA770DA}.Debug|x86.Build.0 = Debug|x86
		{883E8448-D6F0-4021-9BC5-B5E8FEA770DA}.Debug|x86.Deploy.0 = Debug|x86
		{883E8448-D6F0-4021-9BC5-B5E8FEA770DA}.Release|Any CPU.ActiveCfg = Release|Any CPU
		{883E8448-D6F0-4021-9BC5-B5E8FEA770DA}.Release|Any CPU.Build.0 = Release|Any CPU
		{883E8448-D6F0-4021-9BC5-B5E8FEA770DA}.Release|Any CPU.Deploy.0 = Release|Any CPU
		{883E8448-D6F0-4021-9BC5-B5E8FEA770DA}.Release|ARM.ActiveCfg = Release|ARM
		{883E8448-D6F0-4021-9BC5-B5E8FEA770DA}.Release|ARM.Build.0 = Release|ARM
		{883E8448-D6F0-4021-9BC5-B5E8FEA770DA}.Release|ARM.Deploy.0 = Release|ARM
		{883E8448-D6F0-4021-9BC5-B5E8FEA770DA}.Release|iPhone.ActiveCfg = Release|Any CPU
		{883E8448-D6F0-4021-9BC5-B5E8FEA770DA}.Release|iPhone.Build.0 = Release|Any CPU
		{883E8448-D6F0-4021-9BC5-B5E8FEA770DA}.Release|iPhone.Deploy.0 = Release|Any CPU
		{883E8448-D6F0-4021-9BC5-B5E8FEA770DA}.Release|iPhoneSimulator.ActiveCfg = Release|Any CPU
		{883E8448-D6F0-4021-9BC5-B5E8FEA770DA}.Release|iPhoneSimulator.Build.0 = Release|Any CPU
		{883E8448-D6F0-4021-9BC5-B5E8FEA770DA}.Release|iPhoneSimulator.Deploy.0 = Release|Any CPU
		{883E8448-D6F0-4021-9BC5-B5E8FEA770DA}.Release|x64.ActiveCfg = Release|x64
		{883E8448-D6F0-4021-9BC5-B5E8FEA770DA}.Release|x64.Build.0 = Release|x64
		{883E8448-D6F0-4021-9BC5-B5E8FEA770DA}.Release|x64.Deploy.0 = Release|x64
		{883E8448-D6F0-4021-9BC5-B5E8FEA770DA}.Release|x86.ActiveCfg = Release|x86
		{883E8448-D6F0-4021-9BC5-B5E8FEA770DA}.Release|x86.Build.0 = Release|x86
		{883E8448-D6F0-4021-9BC5-B5E8FEA770DA}.Release|x86.Deploy.0 = Release|x86
		{856D6D38-9AC7-4C2C-9217-0DCE23DA265B}.Ad-Hoc|Any CPU.ActiveCfg = Release|Any CPU
		{856D6D38-9AC7-4C2C-9217-0DCE23DA265B}.Ad-Hoc|Any CPU.Build.0 = Release|Any CPU
		{856D6D38-9AC7-4C2C-9217-0DCE23DA265B}.Ad-Hoc|Any CPU.Deploy.0 = Release|Any CPU
		{856D6D38-9AC7-4C2C-9217-0DCE23DA265B}.Ad-Hoc|ARM.ActiveCfg = Release|ARM
		{856D6D38-9AC7-4C2C-9217-0DCE23DA265B}.Ad-Hoc|ARM.Build.0 = Release|ARM
		{856D6D38-9AC7-4C2C-9217-0DCE23DA265B}.Ad-Hoc|ARM.Deploy.0 = Release|ARM
		{856D6D38-9AC7-4C2C-9217-0DCE23DA265B}.Ad-Hoc|iPhone.ActiveCfg = Release|Any CPU
		{856D6D38-9AC7-4C2C-9217-0DCE23DA265B}.Ad-Hoc|iPhone.Build.0 = Release|Any CPU
		{856D6D38-9AC7-4C2C-9217-0DCE23DA265B}.Ad-Hoc|iPhone.Deploy.0 = Release|Any CPU
		{856D6D38-9AC7-4C2C-9217-0DCE23DA265B}.Ad-Hoc|iPhoneSimulator.ActiveCfg = Release|Any CPU
		{856D6D38-9AC7-4C2C-9217-0DCE23DA265B}.Ad-Hoc|iPhoneSimulator.Build.0 = Release|Any CPU
		{856D6D38-9AC7-4C2C-9217-0DCE23DA265B}.Ad-Hoc|iPhoneSimulator.Deploy.0 = Release|Any CPU
		{856D6D38-9AC7-4C2C-9217-0DCE23DA265B}.Ad-Hoc|x64.ActiveCfg = Release|Any CPU
		{856D6D38-9AC7-4C2C-9217-0DCE23DA265B}.Ad-Hoc|x64.Build.0 = Release|Any CPU
		{856D6D38-9AC7-4C2C-9217-0DCE23DA265B}.Ad-Hoc|x64.Deploy.0 = Release|Any CPU
		{856D6D38-9AC7-4C2C-9217-0DCE23DA265B}.Ad-Hoc|x86.ActiveCfg = Release|x86
		{856D6D38-9AC7-4C2C-9217-0DCE23DA265B}.Ad-Hoc|x86.Build.0 = Release|x86
		{856D6D38-9AC7-4C2C-9217-0DCE23DA265B}.Ad-Hoc|x86.Deploy.0 = Release|x86
		{856D6D38-9AC7-4C2C-9217-0DCE23DA265B}.AppStore|Any CPU.ActiveCfg = Release|Any CPU
		{856D6D38-9AC7-4C2C-9217-0DCE23DA265B}.AppStore|Any CPU.Build.0 = Release|Any CPU
		{856D6D38-9AC7-4C2C-9217-0DCE23DA265B}.AppStore|Any CPU.Deploy.0 = Release|Any CPU
		{856D6D38-9AC7-4C2C-9217-0DCE23DA265B}.AppStore|ARM.ActiveCfg = Release|ARM
		{856D6D38-9AC7-4C2C-9217-0DCE23DA265B}.AppStore|ARM.Build.0 = Release|ARM
		{856D6D38-9AC7-4C2C-9217-0DCE23DA265B}.AppStore|ARM.Deploy.0 = Release|ARM
		{856D6D38-9AC7-4C2C-9217-0DCE23DA265B}.AppStore|iPhone.ActiveCfg = Release|Any CPU
		{856D6D38-9AC7-4C2C-9217-0DCE23DA265B}.AppStore|iPhone.Build.0 = Release|Any CPU
		{856D6D38-9AC7-4C2C-9217-0DCE23DA265B}.AppStore|iPhone.Deploy.0 = Release|Any CPU
		{856D6D38-9AC7-4C2C-9217-0DCE23DA265B}.AppStore|iPhoneSimulator.ActiveCfg = Release|Any CPU
		{856D6D38-9AC7-4C2C-9217-0DCE23DA265B}.AppStore|iPhoneSimulator.Build.0 = Release|Any CPU
		{856D6D38-9AC7-4C2C-9217-0DCE23DA265B}.AppStore|iPhoneSimulator.Deploy.0 = Release|Any CPU
		{856D6D38-9AC7-4C2C-9217-0DCE23DA265B}.AppStore|x64.ActiveCfg = Release|Any CPU
		{856D6D38-9AC7-4C2C-9217-0DCE23DA265B}.AppStore|x64.Build.0 = Release|Any CPU
		{856D6D38-9AC7-4C2C-9217-0DCE23DA265B}.AppStore|x64.Deploy.0 = Release|Any CPU
		{856D6D38-9AC7-4C2C-9217-0DCE23DA265B}.AppStore|x86.ActiveCfg = Release|x86
		{856D6D38-9AC7-4C2C-9217-0DCE23DA265B}.AppStore|x86.Build.0 = Release|x86
		{856D6D38-9AC7-4C2C-9217-0DCE23DA265B}.AppStore|x86.Deploy.0 = Release|x86
		{856D6D38-9AC7-4C2C-9217-0DCE23DA265B}.Debug|Any CPU.ActiveCfg = Debug|Any CPU
		{856D6D38-9AC7-4C2C-9217-0DCE23DA265B}.Debug|Any CPU.Build.0 = Debug|Any CPU
		{856D6D38-9AC7-4C2C-9217-0DCE23DA265B}.Debug|Any CPU.Deploy.0 = Debug|Any CPU
		{856D6D38-9AC7-4C2C-9217-0DCE23DA265B}.Debug|ARM.ActiveCfg = Debug|ARM
		{856D6D38-9AC7-4C2C-9217-0DCE23DA265B}.Debug|ARM.Build.0 = Debug|ARM
		{856D6D38-9AC7-4C2C-9217-0DCE23DA265B}.Debug|ARM.Deploy.0 = Debug|ARM
		{856D6D38-9AC7-4C2C-9217-0DCE23DA265B}.Debug|iPhone.ActiveCfg = Debug|Any CPU
		{856D6D38-9AC7-4C2C-9217-0DCE23DA265B}.Debug|iPhone.Build.0 = Debug|Any CPU
		{856D6D38-9AC7-4C2C-9217-0DCE23DA265B}.Debug|iPhone.Deploy.0 = Debug|Any CPU
		{856D6D38-9AC7-4C2C-9217-0DCE23DA265B}.Debug|iPhoneSimulator.ActiveCfg = Debug|Any CPU
		{856D6D38-9AC7-4C2C-9217-0DCE23DA265B}.Debug|iPhoneSimulator.Build.0 = Debug|Any CPU
		{856D6D38-9AC7-4C2C-9217-0DCE23DA265B}.Debug|iPhoneSimulator.Deploy.0 = Debug|Any CPU
		{856D6D38-9AC7-4C2C-9217-0DCE23DA265B}.Debug|x64.ActiveCfg = Debug|Any CPU
		{856D6D38-9AC7-4C2C-9217-0DCE23DA265B}.Debug|x64.Build.0 = Debug|Any CPU
		{856D6D38-9AC7-4C2C-9217-0DCE23DA265B}.Debug|x64.Deploy.0 = Debug|Any CPU
		{856D6D38-9AC7-4C2C-9217-0DCE23DA265B}.Debug|x86.ActiveCfg = Debug|x86
		{856D6D38-9AC7-4C2C-9217-0DCE23DA265B}.Debug|x86.Build.0 = Debug|x86
		{856D6D38-9AC7-4C2C-9217-0DCE23DA265B}.Debug|x86.Deploy.0 = Debug|x86
		{856D6D38-9AC7-4C2C-9217-0DCE23DA265B}.Release|Any CPU.ActiveCfg = Release|Any CPU
		{856D6D38-9AC7-4C2C-9217-0DCE23DA265B}.Release|Any CPU.Build.0 = Release|Any CPU
		{856D6D38-9AC7-4C2C-9217-0DCE23DA265B}.Release|Any CPU.Deploy.0 = Release|Any CPU
		{856D6D38-9AC7-4C2C-9217-0DCE23DA265B}.Release|ARM.ActiveCfg = Release|ARM
		{856D6D38-9AC7-4C2C-9217-0DCE23DA265B}.Release|ARM.Build.0 = Release|ARM
		{856D6D38-9AC7-4C2C-9217-0DCE23DA265B}.Release|ARM.Deploy.0 = Release|ARM
		{856D6D38-9AC7-4C2C-9217-0DCE23DA265B}.Release|iPhone.ActiveCfg = Release|Any CPU
		{856D6D38-9AC7-4C2C-9217-0DCE23DA265B}.Release|iPhone.Build.0 = Release|Any CPU
		{856D6D38-9AC7-4C2C-9217-0DCE23DA265B}.Release|iPhone.Deploy.0 = Release|Any CPU
		{856D6D38-9AC7-4C2C-9217-0DCE23DA265B}.Release|iPhoneSimulator.ActiveCfg = Release|Any CPU
		{856D6D38-9AC7-4C2C-9217-0DCE23DA265B}.Release|iPhoneSimulator.Build.0 = Release|Any CPU
		{856D6D38-9AC7-4C2C-9217-0DCE23DA265B}.Release|iPhoneSimulator.Deploy.0 = Release|Any CPU
		{856D6D38-9AC7-4C2C-9217-0DCE23DA265B}.Release|x64.ActiveCfg = Release|Any CPU
		{856D6D38-9AC7-4C2C-9217-0DCE23DA265B}.Release|x64.Build.0 = Release|Any CPU
		{856D6D38-9AC7-4C2C-9217-0DCE23DA265B}.Release|x64.Deploy.0 = Release|Any CPU
		{856D6D38-9AC7-4C2C-9217-0DCE23DA265B}.Release|x86.ActiveCfg = Release|x86
		{856D6D38-9AC7-4C2C-9217-0DCE23DA265B}.Release|x86.Build.0 = Release|x86
		{856D6D38-9AC7-4C2C-9217-0DCE23DA265B}.Release|x86.Deploy.0 = Release|x86
		{33E2165D-474E-4703-8B2A-80B7723EDE1C}.Ad-Hoc|Any CPU.ActiveCfg = Release|Any CPU
		{33E2165D-474E-4703-8B2A-80B7723EDE1C}.Ad-Hoc|Any CPU.Build.0 = Release|Any CPU
		{33E2165D-474E-4703-8B2A-80B7723EDE1C}.Ad-Hoc|Any CPU.Deploy.0 = Release|Any CPU
		{33E2165D-474E-4703-8B2A-80B7723EDE1C}.Ad-Hoc|ARM.ActiveCfg = Release|Any CPU
		{33E2165D-474E-4703-8B2A-80B7723EDE1C}.Ad-Hoc|ARM.Build.0 = Release|Any CPU
		{33E2165D-474E-4703-8B2A-80B7723EDE1C}.Ad-Hoc|ARM.Deploy.0 = Release|Any CPU
		{33E2165D-474E-4703-8B2A-80B7723EDE1C}.Ad-Hoc|iPhone.ActiveCfg = Release|Any CPU
		{33E2165D-474E-4703-8B2A-80B7723EDE1C}.Ad-Hoc|iPhone.Build.0 = Release|Any CPU
		{33E2165D-474E-4703-8B2A-80B7723EDE1C}.Ad-Hoc|iPhone.Deploy.0 = Release|Any CPU
		{33E2165D-474E-4703-8B2A-80B7723EDE1C}.Ad-Hoc|iPhoneSimulator.ActiveCfg = Release|Any CPU
		{33E2165D-474E-4703-8B2A-80B7723EDE1C}.Ad-Hoc|iPhoneSimulator.Build.0 = Release|Any CPU
		{33E2165D-474E-4703-8B2A-80B7723EDE1C}.Ad-Hoc|iPhoneSimulator.Deploy.0 = Release|Any CPU
		{33E2165D-474E-4703-8B2A-80B7723EDE1C}.Ad-Hoc|x64.ActiveCfg = Release|Any CPU
		{33E2165D-474E-4703-8B2A-80B7723EDE1C}.Ad-Hoc|x64.Build.0 = Release|Any CPU
		{33E2165D-474E-4703-8B2A-80B7723EDE1C}.Ad-Hoc|x64.Deploy.0 = Release|Any CPU
		{33E2165D-474E-4703-8B2A-80B7723EDE1C}.Ad-Hoc|x86.ActiveCfg = Release|Any CPU
		{33E2165D-474E-4703-8B2A-80B7723EDE1C}.Ad-Hoc|x86.Build.0 = Release|Any CPU
		{33E2165D-474E-4703-8B2A-80B7723EDE1C}.Ad-Hoc|x86.Deploy.0 = Release|Any CPU
		{33E2165D-474E-4703-8B2A-80B7723EDE1C}.AppStore|Any CPU.ActiveCfg = Release|Any CPU
		{33E2165D-474E-4703-8B2A-80B7723EDE1C}.AppStore|Any CPU.Build.0 = Release|Any CPU
		{33E2165D-474E-4703-8B2A-80B7723EDE1C}.AppStore|Any CPU.Deploy.0 = Release|Any CPU
		{33E2165D-474E-4703-8B2A-80B7723EDE1C}.AppStore|ARM.ActiveCfg = Release|Any CPU
		{33E2165D-474E-4703-8B2A-80B7723EDE1C}.AppStore|ARM.Build.0 = Release|Any CPU
		{33E2165D-474E-4703-8B2A-80B7723EDE1C}.AppStore|ARM.Deploy.0 = Release|Any CPU
		{33E2165D-474E-4703-8B2A-80B7723EDE1C}.AppStore|iPhone.ActiveCfg = Release|Any CPU
		{33E2165D-474E-4703-8B2A-80B7723EDE1C}.AppStore|iPhone.Build.0 = Release|Any CPU
		{33E2165D-474E-4703-8B2A-80B7723EDE1C}.AppStore|iPhone.Deploy.0 = Release|Any CPU
		{33E2165D-474E-4703-8B2A-80B7723EDE1C}.AppStore|iPhoneSimulator.ActiveCfg = Release|Any CPU
		{33E2165D-474E-4703-8B2A-80B7723EDE1C}.AppStore|iPhoneSimulator.Build.0 = Release|Any CPU
		{33E2165D-474E-4703-8B2A-80B7723EDE1C}.AppStore|iPhoneSimulator.Deploy.0 = Release|Any CPU
		{33E2165D-474E-4703-8B2A-80B7723EDE1C}.AppStore|x64.ActiveCfg = Release|Any CPU
		{33E2165D-474E-4703-8B2A-80B7723EDE1C}.AppStore|x64.Build.0 = Release|Any CPU
		{33E2165D-474E-4703-8B2A-80B7723EDE1C}.AppStore|x64.Deploy.0 = Release|Any CPU
		{33E2165D-474E-4703-8B2A-80B7723EDE1C}.AppStore|x86.ActiveCfg = Release|Any CPU
		{33E2165D-474E-4703-8B2A-80B7723EDE1C}.AppStore|x86.Build.0 = Release|Any CPU
		{33E2165D-474E-4703-8B2A-80B7723EDE1C}.AppStore|x86.Deploy.0 = Release|Any CPU
		{33E2165D-474E-4703-8B2A-80B7723EDE1C}.Debug|Any CPU.ActiveCfg = Debug|Any CPU
		{33E2165D-474E-4703-8B2A-80B7723EDE1C}.Debug|Any CPU.Build.0 = Debug|Any CPU
		{33E2165D-474E-4703-8B2A-80B7723EDE1C}.Debug|Any CPU.Deploy.0 = Debug|Any CPU
		{33E2165D-474E-4703-8B2A-80B7723EDE1C}.Debug|ARM.ActiveCfg = Debug|Any CPU
		{33E2165D-474E-4703-8B2A-80B7723EDE1C}.Debug|ARM.Build.0 = Debug|Any CPU
		{33E2165D-474E-4703-8B2A-80B7723EDE1C}.Debug|ARM.Deploy.0 = Debug|Any CPU
		{33E2165D-474E-4703-8B2A-80B7723EDE1C}.Debug|iPhone.ActiveCfg = Debug|Any CPU
		{33E2165D-474E-4703-8B2A-80B7723EDE1C}.Debug|iPhone.Build.0 = Debug|Any CPU
		{33E2165D-474E-4703-8B2A-80B7723EDE1C}.Debug|iPhone.Deploy.0 = Debug|Any CPU
		{33E2165D-474E-4703-8B2A-80B7723EDE1C}.Debug|iPhoneSimulator.ActiveCfg = Debug|Any CPU
		{33E2165D-474E-4703-8B2A-80B7723EDE1C}.Debug|iPhoneSimulator.Build.0 = Debug|Any CPU
		{33E2165D-474E-4703-8B2A-80B7723EDE1C}.Debug|iPhoneSimulator.Deploy.0 = Debug|Any CPU
		{33E2165D-474E-4703-8B2A-80B7723EDE1C}.Debug|x64.ActiveCfg = Debug|Any CPU
		{33E2165D-474E-4703-8B2A-80B7723EDE1C}.Debug|x64.Build.0 = Debug|Any CPU
		{33E2165D-474E-4703-8B2A-80B7723EDE1C}.Debug|x64.Deploy.0 = Debug|Any CPU
		{33E2165D-474E-4703-8B2A-80B7723EDE1C}.Debug|x86.ActiveCfg = Debug|Any CPU
		{33E2165D-474E-4703-8B2A-80B7723EDE1C}.Debug|x86.Build.0 = Debug|Any CPU
		{33E2165D-474E-4703-8B2A-80B7723EDE1C}.Debug|x86.Deploy.0 = Debug|Any CPU
		{33E2165D-474E-4703-8B2A-80B7723EDE1C}.Release|Any CPU.ActiveCfg = Release|Any CPU
		{33E2165D-474E-4703-8B2A-80B7723EDE1C}.Release|Any CPU.Build.0 = Release|Any CPU
		{33E2165D-474E-4703-8B2A-80B7723EDE1C}.Release|Any CPU.Deploy.0 = Release|Any CPU
		{33E2165D-474E-4703-8B2A-80B7723EDE1C}.Release|ARM.ActiveCfg = Release|Any CPU
		{33E2165D-474E-4703-8B2A-80B7723EDE1C}.Release|ARM.Build.0 = Release|Any CPU
		{33E2165D-474E-4703-8B2A-80B7723EDE1C}.Release|ARM.Deploy.0 = Release|Any CPU
		{33E2165D-474E-4703-8B2A-80B7723EDE1C}.Release|iPhone.ActiveCfg = Release|Any CPU
		{33E2165D-474E-4703-8B2A-80B7723EDE1C}.Release|iPhone.Build.0 = Release|Any CPU
		{33E2165D-474E-4703-8B2A-80B7723EDE1C}.Release|iPhone.Deploy.0 = Release|Any CPU
		{33E2165D-474E-4703-8B2A-80B7723EDE1C}.Release|iPhoneSimulator.ActiveCfg = Release|Any CPU
		{33E2165D-474E-4703-8B2A-80B7723EDE1C}.Release|iPhoneSimulator.Build.0 = Release|Any CPU
		{33E2165D-474E-4703-8B2A-80B7723EDE1C}.Release|iPhoneSimulator.Deploy.0 = Release|Any CPU
		{33E2165D-474E-4703-8B2A-80B7723EDE1C}.Release|x64.ActiveCfg = Release|Any CPU
		{33E2165D-474E-4703-8B2A-80B7723EDE1C}.Release|x64.Build.0 = Release|Any CPU
		{33E2165D-474E-4703-8B2A-80B7723EDE1C}.Release|x64.Deploy.0 = Release|Any CPU
		{33E2165D-474E-4703-8B2A-80B7723EDE1C}.Release|x86.ActiveCfg = Release|Any CPU
		{33E2165D-474E-4703-8B2A-80B7723EDE1C}.Release|x86.Build.0 = Release|Any CPU
		{33E2165D-474E-4703-8B2A-80B7723EDE1C}.Release|x86.Deploy.0 = Release|Any CPU
		{7E0F95E9-0CB3-4DA8-BE4E-423173BCBA38}.Ad-Hoc|Any CPU.ActiveCfg = Ad-Hoc|iPhone
		{7E0F95E9-0CB3-4DA8-BE4E-423173BCBA38}.Ad-Hoc|ARM.ActiveCfg = Ad-Hoc|iPhone
		{7E0F95E9-0CB3-4DA8-BE4E-423173BCBA38}.Ad-Hoc|iPhone.ActiveCfg = Ad-Hoc|iPhone
		{7E0F95E9-0CB3-4DA8-BE4E-423173BCBA38}.Ad-Hoc|iPhone.Build.0 = Ad-Hoc|iPhone
		{7E0F95E9-0CB3-4DA8-BE4E-423173BCBA38}.Ad-Hoc|iPhoneSimulator.ActiveCfg = Ad-Hoc|iPhoneSimulator
		{7E0F95E9-0CB3-4DA8-BE4E-423173BCBA38}.Ad-Hoc|iPhoneSimulator.Build.0 = Ad-Hoc|iPhoneSimulator
		{7E0F95E9-0CB3-4DA8-BE4E-423173BCBA38}.Ad-Hoc|x64.ActiveCfg = Ad-Hoc|iPhone
		{7E0F95E9-0CB3-4DA8-BE4E-423173BCBA38}.Ad-Hoc|x86.ActiveCfg = Ad-Hoc|iPhone
		{7E0F95E9-0CB3-4DA8-BE4E-423173BCBA38}.AppStore|Any CPU.ActiveCfg = AppStore|iPhone
		{7E0F95E9-0CB3-4DA8-BE4E-423173BCBA38}.AppStore|ARM.ActiveCfg = AppStore|iPhone
		{7E0F95E9-0CB3-4DA8-BE4E-423173BCBA38}.AppStore|iPhone.ActiveCfg = AppStore|iPhone
		{7E0F95E9-0CB3-4DA8-BE4E-423173BCBA38}.AppStore|iPhone.Build.0 = AppStore|iPhone
		{7E0F95E9-0CB3-4DA8-BE4E-423173BCBA38}.AppStore|iPhoneSimulator.ActiveCfg = AppStore|iPhoneSimulator
		{7E0F95E9-0CB3-4DA8-BE4E-423173BCBA38}.AppStore|iPhoneSimulator.Build.0 = AppStore|iPhoneSimulator
		{7E0F95E9-0CB3-4DA8-BE4E-423173BCBA38}.AppStore|x64.ActiveCfg = AppStore|iPhone
		{7E0F95E9-0CB3-4DA8-BE4E-423173BCBA38}.AppStore|x86.ActiveCfg = AppStore|iPhone
		{7E0F95E9-0CB3-4DA8-BE4E-423173BCBA38}.Debug|Any CPU.ActiveCfg = Debug|iPhone
		{7E0F95E9-0CB3-4DA8-BE4E-423173BCBA38}.Debug|ARM.ActiveCfg = Debug|iPhone
		{7E0F95E9-0CB3-4DA8-BE4E-423173BCBA38}.Debug|iPhone.ActiveCfg = Debug|iPhone
		{7E0F95E9-0CB3-4DA8-BE4E-423173BCBA38}.Debug|iPhone.Build.0 = Debug|iPhone
		{7E0F95E9-0CB3-4DA8-BE4E-423173BCBA38}.Debug|iPhoneSimulator.ActiveCfg = Debug|iPhoneSimulator
		{7E0F95E9-0CB3-4DA8-BE4E-423173BCBA38}.Debug|iPhoneSimulator.Build.0 = Debug|iPhoneSimulator
		{7E0F95E9-0CB3-4DA8-BE4E-423173BCBA38}.Debug|x64.ActiveCfg = Debug|iPhone
		{7E0F95E9-0CB3-4DA8-BE4E-423173BCBA38}.Debug|x86.ActiveCfg = Debug|iPhone
		{7E0F95E9-0CB3-4DA8-BE4E-423173BCBA38}.Release|Any CPU.ActiveCfg = Release|iPhone
		{7E0F95E9-0CB3-4DA8-BE4E-423173BCBA38}.Release|ARM.ActiveCfg = Release|iPhone
		{7E0F95E9-0CB3-4DA8-BE4E-423173BCBA38}.Release|iPhone.ActiveCfg = Release|iPhone
		{7E0F95E9-0CB3-4DA8-BE4E-423173BCBA38}.Release|iPhone.Build.0 = Release|iPhone
		{7E0F95E9-0CB3-4DA8-BE4E-423173BCBA38}.Release|iPhoneSimulator.ActiveCfg = Release|iPhoneSimulator
		{7E0F95E9-0CB3-4DA8-BE4E-423173BCBA38}.Release|iPhoneSimulator.Build.0 = Release|iPhoneSimulator
		{7E0F95E9-0CB3-4DA8-BE4E-423173BCBA38}.Release|x64.ActiveCfg = Release|iPhone
		{7E0F95E9-0CB3-4DA8-BE4E-423173BCBA38}.Release|x86.ActiveCfg = Release|iPhone
		{4CB4357B-4424-404D-A729-3DD7CACDFBE8}.Ad-Hoc|Any CPU.ActiveCfg = Release|Any CPU
		{4CB4357B-4424-404D-A729-3DD7CACDFBE8}.Ad-Hoc|Any CPU.Build.0 = Release|Any CPU
		{4CB4357B-4424-404D-A729-3DD7CACDFBE8}.Ad-Hoc|Any CPU.Deploy.0 = Release|Any CPU
		{4CB4357B-4424-404D-A729-3DD7CACDFBE8}.Ad-Hoc|ARM.ActiveCfg = Release|ARM
		{4CB4357B-4424-404D-A729-3DD7CACDFBE8}.Ad-Hoc|ARM.Build.0 = Release|ARM
		{4CB4357B-4424-404D-A729-3DD7CACDFBE8}.Ad-Hoc|ARM.Deploy.0 = Release|ARM
		{4CB4357B-4424-404D-A729-3DD7CACDFBE8}.Ad-Hoc|iPhone.ActiveCfg = Release|Any CPU
		{4CB4357B-4424-404D-A729-3DD7CACDFBE8}.Ad-Hoc|iPhone.Build.0 = Release|Any CPU
		{4CB4357B-4424-404D-A729-3DD7CACDFBE8}.Ad-Hoc|iPhone.Deploy.0 = Release|Any CPU
		{4CB4357B-4424-404D-A729-3DD7CACDFBE8}.Ad-Hoc|iPhoneSimulator.ActiveCfg = Release|Any CPU
		{4CB4357B-4424-404D-A729-3DD7CACDFBE8}.Ad-Hoc|iPhoneSimulator.Build.0 = Release|Any CPU
		{4CB4357B-4424-404D-A729-3DD7CACDFBE8}.Ad-Hoc|iPhoneSimulator.Deploy.0 = Release|Any CPU
		{4CB4357B-4424-404D-A729-3DD7CACDFBE8}.Ad-Hoc|x64.ActiveCfg = Release|Any CPU
		{4CB4357B-4424-404D-A729-3DD7CACDFBE8}.Ad-Hoc|x64.Build.0 = Release|Any CPU
		{4CB4357B-4424-404D-A729-3DD7CACDFBE8}.Ad-Hoc|x64.Deploy.0 = Release|Any CPU
		{4CB4357B-4424-404D-A729-3DD7CACDFBE8}.Ad-Hoc|x86.ActiveCfg = Release|x86
		{4CB4357B-4424-404D-A729-3DD7CACDFBE8}.Ad-Hoc|x86.Build.0 = Release|x86
		{4CB4357B-4424-404D-A729-3DD7CACDFBE8}.Ad-Hoc|x86.Deploy.0 = Release|x86
		{4CB4357B-4424-404D-A729-3DD7CACDFBE8}.AppStore|Any CPU.ActiveCfg = Release|Any CPU
		{4CB4357B-4424-404D-A729-3DD7CACDFBE8}.AppStore|Any CPU.Build.0 = Release|Any CPU
		{4CB4357B-4424-404D-A729-3DD7CACDFBE8}.AppStore|Any CPU.Deploy.0 = Release|Any CPU
		{4CB4357B-4424-404D-A729-3DD7CACDFBE8}.AppStore|ARM.ActiveCfg = Release|ARM
		{4CB4357B-4424-404D-A729-3DD7CACDFBE8}.AppStore|ARM.Build.0 = Release|ARM
		{4CB4357B-4424-404D-A729-3DD7CACDFBE8}.AppStore|ARM.Deploy.0 = Release|ARM
		{4CB4357B-4424-404D-A729-3DD7CACDFBE8}.AppStore|iPhone.ActiveCfg = Release|Any CPU
		{4CB4357B-4424-404D-A729-3DD7CACDFBE8}.AppStore|iPhone.Build.0 = Release|Any CPU
		{4CB4357B-4424-404D-A729-3DD7CACDFBE8}.AppStore|iPhone.Deploy.0 = Release|Any CPU
		{4CB4357B-4424-404D-A729-3DD7CACDFBE8}.AppStore|iPhoneSimulator.ActiveCfg = Release|Any CPU
		{4CB4357B-4424-404D-A729-3DD7CACDFBE8}.AppStore|iPhoneSimulator.Build.0 = Release|Any CPU
		{4CB4357B-4424-404D-A729-3DD7CACDFBE8}.AppStore|iPhoneSimulator.Deploy.0 = Release|Any CPU
		{4CB4357B-4424-404D-A729-3DD7CACDFBE8}.AppStore|x64.ActiveCfg = Release|Any CPU
		{4CB4357B-4424-404D-A729-3DD7CACDFBE8}.AppStore|x64.Build.0 = Release|Any CPU
		{4CB4357B-4424-404D-A729-3DD7CACDFBE8}.AppStore|x64.Deploy.0 = Release|Any CPU
		{4CB4357B-4424-404D-A729-3DD7CACDFBE8}.AppStore|x86.ActiveCfg = Release|x86
		{4CB4357B-4424-404D-A729-3DD7CACDFBE8}.AppStore|x86.Build.0 = Release|x86
		{4CB4357B-4424-404D-A729-3DD7CACDFBE8}.AppStore|x86.Deploy.0 = Release|x86
		{4CB4357B-4424-404D-A729-3DD7CACDFBE8}.Debug|Any CPU.ActiveCfg = Debug|Any CPU
		{4CB4357B-4424-404D-A729-3DD7CACDFBE8}.Debug|Any CPU.Build.0 = Debug|Any CPU
		{4CB4357B-4424-404D-A729-3DD7CACDFBE8}.Debug|Any CPU.Deploy.0 = Debug|Any CPU
		{4CB4357B-4424-404D-A729-3DD7CACDFBE8}.Debug|ARM.ActiveCfg = Debug|ARM
		{4CB4357B-4424-404D-A729-3DD7CACDFBE8}.Debug|ARM.Build.0 = Debug|ARM
		{4CB4357B-4424-404D-A729-3DD7CACDFBE8}.Debug|ARM.Deploy.0 = Debug|ARM
		{4CB4357B-4424-404D-A729-3DD7CACDFBE8}.Debug|iPhone.ActiveCfg = Debug|Any CPU
		{4CB4357B-4424-404D-A729-3DD7CACDFBE8}.Debug|iPhone.Build.0 = Debug|Any CPU
		{4CB4357B-4424-404D-A729-3DD7CACDFBE8}.Debug|iPhone.Deploy.0 = Debug|Any CPU
		{4CB4357B-4424-404D-A729-3DD7CACDFBE8}.Debug|iPhoneSimulator.ActiveCfg = Debug|Any CPU
		{4CB4357B-4424-404D-A729-3DD7CACDFBE8}.Debug|iPhoneSimulator.Build.0 = Debug|Any CPU
		{4CB4357B-4424-404D-A729-3DD7CACDFBE8}.Debug|iPhoneSimulator.Deploy.0 = Debug|Any CPU
		{4CB4357B-4424-404D-A729-3DD7CACDFBE8}.Debug|x64.ActiveCfg = Debug|Any CPU
		{4CB4357B-4424-404D-A729-3DD7CACDFBE8}.Debug|x64.Build.0 = Debug|Any CPU
		{4CB4357B-4424-404D-A729-3DD7CACDFBE8}.Debug|x64.Deploy.0 = Debug|Any CPU
		{4CB4357B-4424-404D-A729-3DD7CACDFBE8}.Debug|x86.ActiveCfg = Debug|x86
		{4CB4357B-4424-404D-A729-3DD7CACDFBE8}.Debug|x86.Build.0 = Debug|x86
		{4CB4357B-4424-404D-A729-3DD7CACDFBE8}.Debug|x86.Deploy.0 = Debug|x86
		{4CB4357B-4424-404D-A729-3DD7CACDFBE8}.Release|Any CPU.ActiveCfg = Release|Any CPU
		{4CB4357B-4424-404D-A729-3DD7CACDFBE8}.Release|Any CPU.Build.0 = Release|Any CPU
		{4CB4357B-4424-404D-A729-3DD7CACDFBE8}.Release|Any CPU.Deploy.0 = Release|Any CPU
		{4CB4357B-4424-404D-A729-3DD7CACDFBE8}.Release|ARM.ActiveCfg = Release|ARM
		{4CB4357B-4424-404D-A729-3DD7CACDFBE8}.Release|ARM.Build.0 = Release|ARM
		{4CB4357B-4424-404D-A729-3DD7CACDFBE8}.Release|ARM.Deploy.0 = Release|ARM
		{4CB4357B-4424-404D-A729-3DD7CACDFBE8}.Release|iPhone.ActiveCfg = Release|Any CPU
		{4CB4357B-4424-404D-A729-3DD7CACDFBE8}.Release|iPhone.Build.0 = Release|Any CPU
		{4CB4357B-4424-404D-A729-3DD7CACDFBE8}.Release|iPhone.Deploy.0 = Release|Any CPU
		{4CB4357B-4424-404D-A729-3DD7CACDFBE8}.Release|iPhoneSimulator.ActiveCfg = Release|Any CPU
		{4CB4357B-4424-404D-A729-3DD7CACDFBE8}.Release|iPhoneSimulator.Build.0 = Release|Any CPU
		{4CB4357B-4424-404D-A729-3DD7CACDFBE8}.Release|iPhoneSimulator.Deploy.0 = Release|Any CPU
		{4CB4357B-4424-404D-A729-3DD7CACDFBE8}.Release|x64.ActiveCfg = Release|Any CPU
		{4CB4357B-4424-404D-A729-3DD7CACDFBE8}.Release|x64.Build.0 = Release|Any CPU
		{4CB4357B-4424-404D-A729-3DD7CACDFBE8}.Release|x64.Deploy.0 = Release|Any CPU
		{4CB4357B-4424-404D-A729-3DD7CACDFBE8}.Release|x86.ActiveCfg = Release|x86
		{4CB4357B-4424-404D-A729-3DD7CACDFBE8}.Release|x86.Build.0 = Release|x86
		{4CB4357B-4424-404D-A729-3DD7CACDFBE8}.Release|x86.Deploy.0 = Release|x86
		{87FD58A0-5D52-4B51-93AE-F5BA7A80839C}.Ad-Hoc|Any CPU.ActiveCfg = Release|x86
		{87FD58A0-5D52-4B51-93AE-F5BA7A80839C}.Ad-Hoc|Any CPU.Build.0 = Release|x86
		{87FD58A0-5D52-4B51-93AE-F5BA7A80839C}.Ad-Hoc|Any CPU.Deploy.0 = Release|x86
		{87FD58A0-5D52-4B51-93AE-F5BA7A80839C}.Ad-Hoc|ARM.ActiveCfg = Release|ARM
		{87FD58A0-5D52-4B51-93AE-F5BA7A80839C}.Ad-Hoc|ARM.Build.0 = Release|ARM
		{87FD58A0-5D52-4B51-93AE-F5BA7A80839C}.Ad-Hoc|ARM.Deploy.0 = Release|ARM
		{87FD58A0-5D52-4B51-93AE-F5BA7A80839C}.Ad-Hoc|iPhone.ActiveCfg = Release|x86
		{87FD58A0-5D52-4B51-93AE-F5BA7A80839C}.Ad-Hoc|iPhone.Build.0 = Release|x86
		{87FD58A0-5D52-4B51-93AE-F5BA7A80839C}.Ad-Hoc|iPhone.Deploy.0 = Release|x86
		{87FD58A0-5D52-4B51-93AE-F5BA7A80839C}.Ad-Hoc|iPhoneSimulator.ActiveCfg = Release|x86
		{87FD58A0-5D52-4B51-93AE-F5BA7A80839C}.Ad-Hoc|iPhoneSimulator.Build.0 = Release|x86
		{87FD58A0-5D52-4B51-93AE-F5BA7A80839C}.Ad-Hoc|iPhoneSimulator.Deploy.0 = Release|x86
		{87FD58A0-5D52-4B51-93AE-F5BA7A80839C}.Ad-Hoc|x64.ActiveCfg = Release|x64
		{87FD58A0-5D52-4B51-93AE-F5BA7A80839C}.Ad-Hoc|x64.Build.0 = Release|x64
		{87FD58A0-5D52-4B51-93AE-F5BA7A80839C}.Ad-Hoc|x64.Deploy.0 = Release|x64
		{87FD58A0-5D52-4B51-93AE-F5BA7A80839C}.Ad-Hoc|x86.ActiveCfg = Release|x86
		{87FD58A0-5D52-4B51-93AE-F5BA7A80839C}.Ad-Hoc|x86.Build.0 = Release|x86
		{87FD58A0-5D52-4B51-93AE-F5BA7A80839C}.Ad-Hoc|x86.Deploy.0 = Release|x86
		{87FD58A0-5D52-4B51-93AE-F5BA7A80839C}.AppStore|Any CPU.ActiveCfg = Release|x86
		{87FD58A0-5D52-4B51-93AE-F5BA7A80839C}.AppStore|Any CPU.Build.0 = Release|x86
		{87FD58A0-5D52-4B51-93AE-F5BA7A80839C}.AppStore|Any CPU.Deploy.0 = Release|x86
		{87FD58A0-5D52-4B51-93AE-F5BA7A80839C}.AppStore|ARM.ActiveCfg = Release|ARM
		{87FD58A0-5D52-4B51-93AE-F5BA7A80839C}.AppStore|ARM.Build.0 = Release|ARM
		{87FD58A0-5D52-4B51-93AE-F5BA7A80839C}.AppStore|ARM.Deploy.0 = Release|ARM
		{87FD58A0-5D52-4B51-93AE-F5BA7A80839C}.AppStore|iPhone.ActiveCfg = Release|x86
		{87FD58A0-5D52-4B51-93AE-F5BA7A80839C}.AppStore|iPhone.Build.0 = Release|x86
		{87FD58A0-5D52-4B51-93AE-F5BA7A80839C}.AppStore|iPhone.Deploy.0 = Release|x86
		{87FD58A0-5D52-4B51-93AE-F5BA7A80839C}.AppStore|iPhoneSimulator.ActiveCfg = Release|x86
		{87FD58A0-5D52-4B51-93AE-F5BA7A80839C}.AppStore|iPhoneSimulator.Build.0 = Release|x86
		{87FD58A0-5D52-4B51-93AE-F5BA7A80839C}.AppStore|iPhoneSimulator.Deploy.0 = Release|x86
		{87FD58A0-5D52-4B51-93AE-F5BA7A80839C}.AppStore|x64.ActiveCfg = Release|x64
		{87FD58A0-5D52-4B51-93AE-F5BA7A80839C}.AppStore|x64.Build.0 = Release|x64
		{87FD58A0-5D52-4B51-93AE-F5BA7A80839C}.AppStore|x64.Deploy.0 = Release|x64
		{87FD58A0-5D52-4B51-93AE-F5BA7A80839C}.AppStore|x86.ActiveCfg = Release|x86
		{87FD58A0-5D52-4B51-93AE-F5BA7A80839C}.AppStore|x86.Build.0 = Release|x86
		{87FD58A0-5D52-4B51-93AE-F5BA7A80839C}.AppStore|x86.Deploy.0 = Release|x86
		{87FD58A0-5D52-4B51-93AE-F5BA7A80839C}.Debug|Any CPU.ActiveCfg = Debug|x86
		{87FD58A0-5D52-4B51-93AE-F5BA7A80839C}.Debug|ARM.ActiveCfg = Debug|ARM
		{87FD58A0-5D52-4B51-93AE-F5BA7A80839C}.Debug|ARM.Build.0 = Debug|ARM
		{87FD58A0-5D52-4B51-93AE-F5BA7A80839C}.Debug|ARM.Deploy.0 = Debug|ARM
		{87FD58A0-5D52-4B51-93AE-F5BA7A80839C}.Debug|iPhone.ActiveCfg = Debug|x86
		{87FD58A0-5D52-4B51-93AE-F5BA7A80839C}.Debug|iPhoneSimulator.ActiveCfg = Debug|x86
		{87FD58A0-5D52-4B51-93AE-F5BA7A80839C}.Debug|x64.ActiveCfg = Debug|x64
		{87FD58A0-5D52-4B51-93AE-F5BA7A80839C}.Debug|x64.Build.0 = Debug|x64
		{87FD58A0-5D52-4B51-93AE-F5BA7A80839C}.Debug|x64.Deploy.0 = Debug|x64
		{87FD58A0-5D52-4B51-93AE-F5BA7A80839C}.Debug|x86.ActiveCfg = Debug|x86
		{87FD58A0-5D52-4B51-93AE-F5BA7A80839C}.Debug|x86.Build.0 = Debug|x86
		{87FD58A0-5D52-4B51-93AE-F5BA7A80839C}.Debug|x86.Deploy.0 = Debug|x86
		{87FD58A0-5D52-4B51-93AE-F5BA7A80839C}.Release|Any CPU.ActiveCfg = Release|x86
		{87FD58A0-5D52-4B51-93AE-F5BA7A80839C}.Release|ARM.ActiveCfg = Release|ARM
		{87FD58A0-5D52-4B51-93AE-F5BA7A80839C}.Release|ARM.Build.0 = Release|ARM
		{87FD58A0-5D52-4B51-93AE-F5BA7A80839C}.Release|ARM.Deploy.0 = Release|ARM
		{87FD58A0-5D52-4B51-93AE-F5BA7A80839C}.Release|iPhone.ActiveCfg = Release|x86
		{87FD58A0-5D52-4B51-93AE-F5BA7A80839C}.Release|iPhoneSimulator.ActiveCfg = Release|x86
		{87FD58A0-5D52-4B51-93AE-F5BA7A80839C}.Release|x64.ActiveCfg = Release|x64
		{87FD58A0-5D52-4B51-93AE-F5BA7A80839C}.Release|x64.Build.0 = Release|x64
		{87FD58A0-5D52-4B51-93AE-F5BA7A80839C}.Release|x64.Deploy.0 = Release|x64
		{87FD58A0-5D52-4B51-93AE-F5BA7A80839C}.Release|x86.ActiveCfg = Release|x86
		{87FD58A0-5D52-4B51-93AE-F5BA7A80839C}.Release|x86.Build.0 = Release|x86
		{87FD58A0-5D52-4B51-93AE-F5BA7A80839C}.Release|x86.Deploy.0 = Release|x86
		{75E7ED68-7718-41F7-8E33-566B88A7DEAF}.Ad-Hoc|Any CPU.ActiveCfg = Release|Any CPU
		{75E7ED68-7718-41F7-8E33-566B88A7DEAF}.Ad-Hoc|Any CPU.Build.0 = Release|Any CPU
		{75E7ED68-7718-41F7-8E33-566B88A7DEAF}.Ad-Hoc|Any CPU.Deploy.0 = Release|Any CPU
		{75E7ED68-7718-41F7-8E33-566B88A7DEAF}.Ad-Hoc|ARM.ActiveCfg = Release|ARM
		{75E7ED68-7718-41F7-8E33-566B88A7DEAF}.Ad-Hoc|ARM.Build.0 = Release|ARM
		{75E7ED68-7718-41F7-8E33-566B88A7DEAF}.Ad-Hoc|ARM.Deploy.0 = Release|ARM
		{75E7ED68-7718-41F7-8E33-566B88A7DEAF}.Ad-Hoc|iPhone.ActiveCfg = Release|Any CPU
		{75E7ED68-7718-41F7-8E33-566B88A7DEAF}.Ad-Hoc|iPhone.Build.0 = Release|Any CPU
		{75E7ED68-7718-41F7-8E33-566B88A7DEAF}.Ad-Hoc|iPhone.Deploy.0 = Release|Any CPU
		{75E7ED68-7718-41F7-8E33-566B88A7DEAF}.Ad-Hoc|iPhoneSimulator.ActiveCfg = Release|Any CPU
		{75E7ED68-7718-41F7-8E33-566B88A7DEAF}.Ad-Hoc|iPhoneSimulator.Build.0 = Release|Any CPU
		{75E7ED68-7718-41F7-8E33-566B88A7DEAF}.Ad-Hoc|iPhoneSimulator.Deploy.0 = Release|Any CPU
		{75E7ED68-7718-41F7-8E33-566B88A7DEAF}.Ad-Hoc|x64.ActiveCfg = Release|x64
		{75E7ED68-7718-41F7-8E33-566B88A7DEAF}.Ad-Hoc|x64.Build.0 = Release|x64
		{75E7ED68-7718-41F7-8E33-566B88A7DEAF}.Ad-Hoc|x64.Deploy.0 = Release|x64
		{75E7ED68-7718-41F7-8E33-566B88A7DEAF}.Ad-Hoc|x86.ActiveCfg = Release|x86
		{75E7ED68-7718-41F7-8E33-566B88A7DEAF}.Ad-Hoc|x86.Build.0 = Release|x86
		{75E7ED68-7718-41F7-8E33-566B88A7DEAF}.Ad-Hoc|x86.Deploy.0 = Release|x86
		{75E7ED68-7718-41F7-8E33-566B88A7DEAF}.AppStore|Any CPU.ActiveCfg = Release|Any CPU
		{75E7ED68-7718-41F7-8E33-566B88A7DEAF}.AppStore|Any CPU.Build.0 = Release|Any CPU
		{75E7ED68-7718-41F7-8E33-566B88A7DEAF}.AppStore|Any CPU.Deploy.0 = Release|Any CPU
		{75E7ED68-7718-41F7-8E33-566B88A7DEAF}.AppStore|ARM.ActiveCfg = Release|ARM
		{75E7ED68-7718-41F7-8E33-566B88A7DEAF}.AppStore|ARM.Build.0 = Release|ARM
		{75E7ED68-7718-41F7-8E33-566B88A7DEAF}.AppStore|ARM.Deploy.0 = Release|ARM
		{75E7ED68-7718-41F7-8E33-566B88A7DEAF}.AppStore|iPhone.ActiveCfg = Release|Any CPU
		{75E7ED68-7718-41F7-8E33-566B88A7DEAF}.AppStore|iPhone.Build.0 = Release|Any CPU
		{75E7ED68-7718-41F7-8E33-566B88A7DEAF}.AppStore|iPhone.Deploy.0 = Release|Any CPU
		{75E7ED68-7718-41F7-8E33-566B88A7DEAF}.AppStore|iPhoneSimulator.ActiveCfg = Release|Any CPU
		{75E7ED68-7718-41F7-8E33-566B88A7DEAF}.AppStore|iPhoneSimulator.Build.0 = Release|Any CPU
		{75E7ED68-7718-41F7-8E33-566B88A7DEAF}.AppStore|iPhoneSimulator.Deploy.0 = Release|Any CPU
		{75E7ED68-7718-41F7-8E33-566B88A7DEAF}.AppStore|x64.ActiveCfg = Release|x64
		{75E7ED68-7718-41F7-8E33-566B88A7DEAF}.AppStore|x64.Build.0 = Release|x64
		{75E7ED68-7718-41F7-8E33-566B88A7DEAF}.AppStore|x64.Deploy.0 = Release|x64
		{75E7ED68-7718-41F7-8E33-566B88A7DEAF}.AppStore|x86.ActiveCfg = Release|x86
		{75E7ED68-7718-41F7-8E33-566B88A7DEAF}.AppStore|x86.Build.0 = Release|x86
		{75E7ED68-7718-41F7-8E33-566B88A7DEAF}.AppStore|x86.Deploy.0 = Release|x86
		{75E7ED68-7718-41F7-8E33-566B88A7DEAF}.Debug|Any CPU.ActiveCfg = Debug|Any CPU
		{75E7ED68-7718-41F7-8E33-566B88A7DEAF}.Debug|Any CPU.Build.0 = Debug|Any CPU
		{75E7ED68-7718-41F7-8E33-566B88A7DEAF}.Debug|Any CPU.Deploy.0 = Debug|Any CPU
		{75E7ED68-7718-41F7-8E33-566B88A7DEAF}.Debug|ARM.ActiveCfg = Debug|ARM
		{75E7ED68-7718-41F7-8E33-566B88A7DEAF}.Debug|ARM.Build.0 = Debug|ARM
		{75E7ED68-7718-41F7-8E33-566B88A7DEAF}.Debug|ARM.Deploy.0 = Debug|ARM
		{75E7ED68-7718-41F7-8E33-566B88A7DEAF}.Debug|iPhone.ActiveCfg = Debug|Any CPU
		{75E7ED68-7718-41F7-8E33-566B88A7DEAF}.Debug|iPhone.Build.0 = Debug|Any CPU
		{75E7ED68-7718-41F7-8E33-566B88A7DEAF}.Debug|iPhone.Deploy.0 = Debug|Any CPU
		{75E7ED68-7718-41F7-8E33-566B88A7DEAF}.Debug|iPhoneSimulator.ActiveCfg = Debug|Any CPU
		{75E7ED68-7718-41F7-8E33-566B88A7DEAF}.Debug|iPhoneSimulator.Build.0 = Debug|Any CPU
		{75E7ED68-7718-41F7-8E33-566B88A7DEAF}.Debug|iPhoneSimulator.Deploy.0 = Debug|Any CPU
		{75E7ED68-7718-41F7-8E33-566B88A7DEAF}.Debug|x64.ActiveCfg = Debug|x64
		{75E7ED68-7718-41F7-8E33-566B88A7DEAF}.Debug|x64.Build.0 = Debug|x64
		{75E7ED68-7718-41F7-8E33-566B88A7DEAF}.Debug|x64.Deploy.0 = Debug|x64
		{75E7ED68-7718-41F7-8E33-566B88A7DEAF}.Debug|x86.ActiveCfg = Debug|x86
		{75E7ED68-7718-41F7-8E33-566B88A7DEAF}.Debug|x86.Build.0 = Debug|x86
		{75E7ED68-7718-41F7-8E33-566B88A7DEAF}.Debug|x86.Deploy.0 = Debug|x86
		{75E7ED68-7718-41F7-8E33-566B88A7DEAF}.Release|Any CPU.ActiveCfg = Release|Any CPU
		{75E7ED68-7718-41F7-8E33-566B88A7DEAF}.Release|Any CPU.Build.0 = Release|Any CPU
		{75E7ED68-7718-41F7-8E33-566B88A7DEAF}.Release|Any CPU.Deploy.0 = Release|Any CPU
		{75E7ED68-7718-41F7-8E33-566B88A7DEAF}.Release|ARM.ActiveCfg = Release|ARM
		{75E7ED68-7718-41F7-8E33-566B88A7DEAF}.Release|ARM.Build.0 = Release|ARM
		{75E7ED68-7718-41F7-8E33-566B88A7DEAF}.Release|ARM.Deploy.0 = Release|ARM
		{75E7ED68-7718-41F7-8E33-566B88A7DEAF}.Release|iPhone.ActiveCfg = Release|Any CPU
		{75E7ED68-7718-41F7-8E33-566B88A7DEAF}.Release|iPhone.Build.0 = Release|Any CPU
		{75E7ED68-7718-41F7-8E33-566B88A7DEAF}.Release|iPhone.Deploy.0 = Release|Any CPU
		{75E7ED68-7718-41F7-8E33-566B88A7DEAF}.Release|iPhoneSimulator.ActiveCfg = Release|Any CPU
		{75E7ED68-7718-41F7-8E33-566B88A7DEAF}.Release|iPhoneSimulator.Build.0 = Release|Any CPU
		{75E7ED68-7718-41F7-8E33-566B88A7DEAF}.Release|iPhoneSimulator.Deploy.0 = Release|Any CPU
		{75E7ED68-7718-41F7-8E33-566B88A7DEAF}.Release|x64.ActiveCfg = Release|x64
		{75E7ED68-7718-41F7-8E33-566B88A7DEAF}.Release|x64.Build.0 = Release|x64
		{75E7ED68-7718-41F7-8E33-566B88A7DEAF}.Release|x64.Deploy.0 = Release|x64
		{75E7ED68-7718-41F7-8E33-566B88A7DEAF}.Release|x86.ActiveCfg = Release|x86
		{75E7ED68-7718-41F7-8E33-566B88A7DEAF}.Release|x86.Build.0 = Release|x86
		{75E7ED68-7718-41F7-8E33-566B88A7DEAF}.Release|x86.Deploy.0 = Release|x86
		{FDF6E4FE-77F2-43C4-B7D9-AB5D4FECF4C5}.Ad-Hoc|Any CPU.ActiveCfg = Release|Any CPU
		{FDF6E4FE-77F2-43C4-B7D9-AB5D4FECF4C5}.Ad-Hoc|Any CPU.Build.0 = Release|Any CPU
		{FDF6E4FE-77F2-43C4-B7D9-AB5D4FECF4C5}.Ad-Hoc|ARM.ActiveCfg = Release|Any CPU
		{FDF6E4FE-77F2-43C4-B7D9-AB5D4FECF4C5}.Ad-Hoc|ARM.Build.0 = Release|Any CPU
		{FDF6E4FE-77F2-43C4-B7D9-AB5D4FECF4C5}.Ad-Hoc|iPhone.ActiveCfg = Release|Any CPU
		{FDF6E4FE-77F2-43C4-B7D9-AB5D4FECF4C5}.Ad-Hoc|iPhone.Build.0 = Release|Any CPU
		{FDF6E4FE-77F2-43C4-B7D9-AB5D4FECF4C5}.Ad-Hoc|iPhoneSimulator.ActiveCfg = Release|Any CPU
		{FDF6E4FE-77F2-43C4-B7D9-AB5D4FECF4C5}.Ad-Hoc|iPhoneSimulator.Build.0 = Release|Any CPU
		{FDF6E4FE-77F2-43C4-B7D9-AB5D4FECF4C5}.Ad-Hoc|x64.ActiveCfg = Release|Any CPU
		{FDF6E4FE-77F2-43C4-B7D9-AB5D4FECF4C5}.Ad-Hoc|x64.Build.0 = Release|Any CPU
		{FDF6E4FE-77F2-43C4-B7D9-AB5D4FECF4C5}.Ad-Hoc|x86.ActiveCfg = Release|Any CPU
		{FDF6E4FE-77F2-43C4-B7D9-AB5D4FECF4C5}.Ad-Hoc|x86.Build.0 = Release|Any CPU
		{FDF6E4FE-77F2-43C4-B7D9-AB5D4FECF4C5}.AppStore|Any CPU.ActiveCfg = Release|Any CPU
		{FDF6E4FE-77F2-43C4-B7D9-AB5D4FECF4C5}.AppStore|Any CPU.Build.0 = Release|Any CPU
		{FDF6E4FE-77F2-43C4-B7D9-AB5D4FECF4C5}.AppStore|ARM.ActiveCfg = Release|Any CPU
		{FDF6E4FE-77F2-43C4-B7D9-AB5D4FECF4C5}.AppStore|ARM.Build.0 = Release|Any CPU
		{FDF6E4FE-77F2-43C4-B7D9-AB5D4FECF4C5}.AppStore|iPhone.ActiveCfg = Release|Any CPU
		{FDF6E4FE-77F2-43C4-B7D9-AB5D4FECF4C5}.AppStore|iPhone.Build.0 = Release|Any CPU
		{FDF6E4FE-77F2-43C4-B7D9-AB5D4FECF4C5}.AppStore|iPhoneSimulator.ActiveCfg = Release|Any CPU
		{FDF6E4FE-77F2-43C4-B7D9-AB5D4FECF4C5}.AppStore|iPhoneSimulator.Build.0 = Release|Any CPU
		{FDF6E4FE-77F2-43C4-B7D9-AB5D4FECF4C5}.AppStore|x64.ActiveCfg = Release|Any CPU
		{FDF6E4FE-77F2-43C4-B7D9-AB5D4FECF4C5}.AppStore|x64.Build.0 = Release|Any CPU
		{FDF6E4FE-77F2-43C4-B7D9-AB5D4FECF4C5}.AppStore|x86.ActiveCfg = Release|Any CPU
		{FDF6E4FE-77F2-43C4-B7D9-AB5D4FECF4C5}.AppStore|x86.Build.0 = Release|Any CPU
		{FDF6E4FE-77F2-43C4-B7D9-AB5D4FECF4C5}.Debug|Any CPU.ActiveCfg = Debug|Any CPU
		{FDF6E4FE-77F2-43C4-B7D9-AB5D4FECF4C5}.Debug|Any CPU.Build.0 = Debug|Any CPU
		{FDF6E4FE-77F2-43C4-B7D9-AB5D4FECF4C5}.Debug|ARM.ActiveCfg = Debug|Any CPU
		{FDF6E4FE-77F2-43C4-B7D9-AB5D4FECF4C5}.Debug|ARM.Build.0 = Debug|Any CPU
		{FDF6E4FE-77F2-43C4-B7D9-AB5D4FECF4C5}.Debug|iPhone.ActiveCfg = Debug|Any CPU
		{FDF6E4FE-77F2-43C4-B7D9-AB5D4FECF4C5}.Debug|iPhone.Build.0 = Debug|Any CPU
		{FDF6E4FE-77F2-43C4-B7D9-AB5D4FECF4C5}.Debug|iPhoneSimulator.ActiveCfg = Debug|Any CPU
		{FDF6E4FE-77F2-43C4-B7D9-AB5D4FECF4C5}.Debug|iPhoneSimulator.Build.0 = Debug|Any CPU
		{FDF6E4FE-77F2-43C4-B7D9-AB5D4FECF4C5}.Debug|x64.ActiveCfg = Debug|Any CPU
		{FDF6E4FE-77F2-43C4-B7D9-AB5D4FECF4C5}.Debug|x64.Build.0 = Debug|Any CPU
		{FDF6E4FE-77F2-43C4-B7D9-AB5D4FECF4C5}.Debug|x86.ActiveCfg = Debug|Any CPU
		{FDF6E4FE-77F2-43C4-B7D9-AB5D4FECF4C5}.Debug|x86.Build.0 = Debug|Any CPU
		{FDF6E4FE-77F2-43C4-B7D9-AB5D4FECF4C5}.Release|Any CPU.ActiveCfg = Release|Any CPU
		{FDF6E4FE-77F2-43C4-B7D9-AB5D4FECF4C5}.Release|Any CPU.Build.0 = Release|Any CPU
		{FDF6E4FE-77F2-43C4-B7D9-AB5D4FECF4C5}.Release|ARM.ActiveCfg = Release|Any CPU
		{FDF6E4FE-77F2-43C4-B7D9-AB5D4FECF4C5}.Release|ARM.Build.0 = Release|Any CPU
		{FDF6E4FE-77F2-43C4-B7D9-AB5D4FECF4C5}.Release|iPhone.ActiveCfg = Release|Any CPU
		{FDF6E4FE-77F2-43C4-B7D9-AB5D4FECF4C5}.Release|iPhone.Build.0 = Release|Any CPU
		{FDF6E4FE-77F2-43C4-B7D9-AB5D4FECF4C5}.Release|iPhoneSimulator.ActiveCfg = Release|Any CPU
		{FDF6E4FE-77F2-43C4-B7D9-AB5D4FECF4C5}.Release|iPhoneSimulator.Build.0 = Release|Any CPU
		{FDF6E4FE-77F2-43C4-B7D9-AB5D4FECF4C5}.Release|x64.ActiveCfg = Release|Any CPU
		{FDF6E4FE-77F2-43C4-B7D9-AB5D4FECF4C5}.Release|x64.Build.0 = Release|Any CPU
		{FDF6E4FE-77F2-43C4-B7D9-AB5D4FECF4C5}.Release|x86.ActiveCfg = Release|Any CPU
		{FDF6E4FE-77F2-43C4-B7D9-AB5D4FECF4C5}.Release|x86.Build.0 = Release|Any CPU
	EndGlobalSection
	GlobalSection(SolutionProperties) = preSolution
		HideSolutionNode = FALSE
	EndGlobalSection
	GlobalSection(NestedProjects) = preSolution
		{F7351844-1FE4-4973-ABA7-C53A59548E6F} = {17B0BD04-E99F-40AE-8738-E2BDF7102884}
		{883E8448-D6F0-4021-9BC5-B5E8FEA770DA} = {17B0BD04-E99F-40AE-8738-E2BDF7102884}
		{856D6D38-9AC7-4C2C-9217-0DCE23DA265B} = {17B0BD04-E99F-40AE-8738-E2BDF7102884}
	EndGlobalSection
EndGlobal
